
Microsoft Visual Studio Solution File, Format Version 12.00
# Visual Studio Version 17
VisualStudioVersion = 17.3.32804.467
MinimumVisualStudioVersion = 10.0.40219.1
Project("{FAE04EC0-301F-11D3-BF4B-00C04F79EFBC}") = "SchoolSLPractiseProj", "SchoolSLPractiseProj\SchoolSLPractiseProj.csproj", "{8C5CD02A-34F7-4C45-B535-5C93BDB4C790}"
EndProject
Project("{FAE04EC0-301F-11D3-BF4B-00C04F79EFBC}") = "SchoolTest", "SchoolTest\SchoolTest.csproj", "{1123320E-5212-4B1E-9F26-8DAA21E271B6}"
EndProject
Global
	GlobalSection(SolutionConfigurationPlatforms) = preSolution
		Debug|Any CPU = Debug|Any CPU
		Release|Any CPU = Release|Any CPU
	EndGlobalSection
	GlobalSection(ProjectConfigurationPlatforms) = postSolution
		{8C5CD02A-34F7-4C45-B535-5C93BDB4C790}.Debug|Any CPU.ActiveCfg = Debug|Any CPU
		{8C5CD02A-34F7-4C45-B535-5C93BDB4C790}.Debug|Any CPU.Build.0 = Debug|Any CPU
		{8C5CD02A-34F7-4C45-B535-5C93BDB4C790}.Release|Any CPU.ActiveCfg = Release|Any CPU
		{8C5CD02A-34F7-4C45-B535-5C93BDB4C790}.Release|Any CPU.Build.0 = Release|Any CPU
		{1123320E-5212-4B1E-9F26-8DAA21E271B6}.Debug|Any CPU.ActiveCfg = Debug|Any CPU
		{1123320E-5212-4B1E-9F26-8DAA21E271B6}.Debug|Any CPU.Build.0 = Debug|Any CPU
		{1123320E-5212-4B1E-9F26-8DAA21E271B6}.Release|Any CPU.ActiveCfg = Release|Any CPU
		{1123320E-5212-4B1E-9F26-8DAA21E271B6}.Release|Any CPU.Build.0 = Release|Any CPU
	EndGlobalSection
	GlobalSection(SolutionProperties) = preSolution
		HideSolutionNode = FALSE
	EndGlobalSection
	GlobalSection(ExtensibilityGlobals) = postSolution
		SolutionGuid = {B364365F-DBE7-4A4B-AB81-9BD88F8B86E0}
	EndGlobalSection
EndGlobal
